
Microsoft Visual Studio Solution File, Format Version 10.00
# Visual Studio 2008
Project("{FAE04EC0-301F-11D3-BF4B-00C04F79EFBC}") = "C3.Communi", "C3.Communi\C3.Communi.csproj", "{C66E606F-39F5-4B29-8187-0C6C454EA245}"
EndProject
Project("{FAE04EC0-301F-11D3-BF4B-00C04F79EFBC}") = "C3", "C3\C3.csproj", "{DA7083AD-8DB2-4A5C-8260-8DB8C60F1C06}"
EndProject
Project("{FAE04EC0-301F-11D3-BF4B-00C04F79EFBC}") = "C3.SPUTest", "C3.SPUTest\C3.SPUTest.csproj", "{AF4F2309-8BF4-42CA-AC24-FE11357C1F29}"
EndProject
Project("{FAE04EC0-301F-11D3-BF4B-00C04F79EFBC}") = "C3.DPUTest", "C3.DPUTest\C3.DPUTest.csproj", "{5AEA59E1-57AD-41BC-86BF-4D75703E4704}"
EndProject
Project("{FAE04EC0-301F-11D3-BF4B-00C04F79EFBC}") = "C3.Communi.Test", "C3.Communi.Test\C3.Communi.Test.csproj", "{7E97D588-6159-4165-93B9-4CD90D22BB09}"
EndProject
Project("{FAE04EC0-301F-11D3-BF4B-00C04F79EFBC}") = "Xdgk.Common", "Xdgk.Common\Xdgk.Common.csproj", "{34919A7B-E237-4412-90B0-6BB2D4DCBF8E}"
EndProject
Project("{FAE04EC0-301F-11D3-BF4B-00C04F79EFBC}") = "DBSPU", "DBSPU\DBSPU.csproj", "{904B5D20-1465-478C-BC03-27822526C68F}"
EndProject
Project("{FAE04EC0-301F-11D3-BF4B-00C04F79EFBC}") = "XGDPU", "XGDPU\XGDPU.csproj", "{26F86801-ABBE-42E0-B494-2225CC1C46F2}"
EndProject
Project("{FAE04EC0-301F-11D3-BF4B-00C04F79EFBC}") = "XD1100DPU", "XD1100DPU\XD1100DPU.csproj", "{D5A356DA-C1C1-4519-9751-3C1120D015F9}"
EndProject
Project("{FAE04EC0-301F-11D3-BF4B-00C04F79EFBC}") = "SCL6DPU", "SCL6DPU\SCL6DPU.csproj", "{01B5D26C-7EF6-48CA-897D-EA04322B7EDD}"
EndProject
Project("{FAE04EC0-301F-11D3-BF4B-00C04F79EFBC}") = "SCL61DDPU", "SCL61DDPU\SCL61DDPU.csproj", "{D4D7ACB6-10B6-413D-AA3C-B8C7E908C844}"
EndProject
Project("{FAE04EC0-301F-11D3-BF4B-00C04F79EFBC}") = "Xdgk.GR.Common", "Xdgk.GR.Data\Xdgk.GR.Common.csproj", "{5DD9DEDE-5BE3-4324-AE36-843EB23A9242}"
EndProject
Project("{FAE04EC0-301F-11D3-BF4B-00C04F79EFBC}") = "C3.Data", "C3.Data\C3.Data.csproj", "{46745652-7EAA-4018-9ED9-26F101704B5E}"
EndProject
Project("{FAE04EC0-301F-11D3-BF4B-00C04F79EFBC}") = "CRLGXLDPU", "CRLGXLDPU\CRLGXLDPU.csproj", "{320BD6F1-1028-45CD-9907-65A5BB1978F7}"
EndProject
Project("{2150E333-8FDC-42A3-9474-1A3956D46DE8}") = "Test", "Test", "{9CBB00F3-641A-49C1-9155-84F14A52601D}"
EndProject
Project("{2150E333-8FDC-42A3-9474-1A3956D46DE8}") = "C", "C", "{ABC43BA6-B22F-42A1-96D1-D08D92BD82D9}"
EndProject
Project("{FAE04EC0-301F-11D3-BF4B-00C04F79EFBC}") = "RemoteClientWindows", "RemoteClientWindows\RemoteClientWindows.csproj", "{AE60D2C7-2B43-46E2-B79A-054B5550FF13}"
EndProject
Project("{FAE04EC0-301F-11D3-BF4B-00C04F79EFBC}") = "XD100EDPU", "XD100EDPU\XD100EDPU.csproj", "{61287D9F-4F7F-4407-9D2C-6B8BD314FD30}"
EndProject
Project("{FAE04EC0-301F-11D3-BF4B-00C04F79EFBC}") = "SCL9DPU", "SCL9DPU\SCL9DPU.csproj", "{A980D4B4-3153-404D-A582-268997731EA3}"
EndProject
Project("{FAE04EC0-301F-11D3-BF4B-00C04F79EFBC}") = "CRLGDDPU", "CRLGDDPU\CRLGDDPU.csproj", "{30E90408-FC89-4416-B126-AA369BBE80FE}"
EndProject
Project("{2150E333-8FDC-42A3-9474-1A3956D46DE8}") = "Dpus", "Dpus", "{D5C67DA2-F4A8-43F8-A0C2-6A75921103FD}"
EndProject
Project("{2150E333-8FDC-42A3-9474-1A3956D46DE8}") = "Spus", "Spus", "{A97C1875-F7BD-475F-B186-32DE1116965E}"
EndProject
Global
	GlobalSection(SolutionConfigurationPlatforms) = preSolution
		Debug|Any CPU = Debug|Any CPU
		Release|Any CPU = Release|Any CPU
	EndGlobalSection
	GlobalSection(ProjectConfigurationPlatforms) = postSolution
		{C66E606F-39F5-4B29-8187-0C6C454EA245}.Debug|Any CPU.ActiveCfg = Debug|Any CPU
		{C66E606F-39F5-4B29-8187-0C6C454EA245}.Debug|Any CPU.Build.0 = Debug|Any CPU
		{C66E606F-39F5-4B29-8187-0C6C454EA245}.Release|Any CPU.ActiveCfg = Release|Any CPU
		{C66E606F-39F5-4B29-8187-0C6C454EA245}.Release|Any CPU.Build.0 = Release|Any CPU
		{DA7083AD-8DB2-4A5C-8260-8DB8C60F1C06}.Debug|Any CPU.ActiveCfg = Debug|Any CPU
		{DA7083AD-8DB2-4A5C-8260-8DB8C60F1C06}.Debug|Any CPU.Build.0 = Debug|Any CPU
		{DA7083AD-8DB2-4A5C-8260-8DB8C60F1C06}.Release|Any CPU.ActiveCfg = Release|Any CPU
		{DA7083AD-8DB2-4A5C-8260-8DB8C60F1C06}.Release|Any CPU.Build.0 = Release|Any CPU
		{AF4F2309-8BF4-42CA-AC24-FE11357C1F29}.Debug|Any CPU.ActiveCfg = Debug|Any CPU
		{AF4F2309-8BF4-42CA-AC24-FE11357C1F29}.Debug|Any CPU.Build.0 = Debug|Any CPU
		{AF4F2309-8BF4-42CA-AC24-FE11357C1F29}.Release|Any CPU.ActiveCfg = Release|Any CPU
		{AF4F2309-8BF4-42CA-AC24-FE11357C1F29}.Release|Any CPU.Build.0 = Release|Any CPU
		{5AEA59E1-57AD-41BC-86BF-4D75703E4704}.Debug|Any CPU.ActiveCfg = Debug|Any CPU
		{5AEA59E1-57AD-41BC-86BF-4D75703E4704}.Debug|Any CPU.Build.0 = Debug|Any CPU
		{5AEA59E1-57AD-41BC-86BF-4D75703E4704}.Release|Any CPU.ActiveCfg = Release|Any CPU
		{5AEA59E1-57AD-41BC-86BF-4D75703E4704}.Release|Any CPU.Build.0 = Release|Any CPU
		{7E97D588-6159-4165-93B9-4CD90D22BB09}.Debug|Any CPU.ActiveCfg = Debug|Any CPU
		{7E97D588-6159-4165-93B9-4CD90D22BB09}.Debug|Any CPU.Build.0 = Debug|Any CPU
		{7E97D588-6159-4165-93B9-4CD90D22BB09}.Release|Any CPU.ActiveCfg = Release|Any CPU
		{7E97D588-6159-4165-93B9-4CD90D22BB09}.Release|Any CPU.Build.0 = Release|Any CPU
		{34919A7B-E237-4412-90B0-6BB2D4DCBF8E}.Debug|Any CPU.ActiveCfg = Debug|Any CPU
		{34919A7B-E237-4412-90B0-6BB2D4DCBF8E}.Debug|Any CPU.Build.0 = Debug|Any CPU
		{34919A7B-E237-4412-90B0-6BB2D4DCBF8E}.Release|Any CPU.ActiveCfg = Release|Any CPU
		{34919A7B-E237-4412-90B0-6BB2D4DCBF8E}.Release|Any CPU.Build.0 = Release|Any CPU
		{904B5D20-1465-478C-BC03-27822526C68F}.Debug|Any CPU.ActiveCfg = Debug|Any CPU
		{904B5D20-1465-478C-BC03-27822526C68F}.Debug|Any CPU.Build.0 = Debug|Any CPU
		{904B5D20-1465-478C-BC03-27822526C68F}.Release|Any CPU.ActiveCfg = Release|Any CPU
		{904B5D20-1465-478C-BC03-27822526C68F}.Release|Any CPU.Build.0 = Release|Any CPU
		{26F86801-ABBE-42E0-B494-2225CC1C46F2}.Debug|Any CPU.ActiveCfg = Debug|Any CPU
		{26F86801-ABBE-42E0-B494-2225CC1C46F2}.Debug|Any CPU.Build.0 = Debug|Any CPU
		{26F86801-ABBE-42E0-B494-2225CC1C46F2}.Release|Any CPU.ActiveCfg = Release|Any CPU
		{26F86801-ABBE-42E0-B494-2225CC1C46F2}.Release|Any CPU.Build.0 = Release|Any CPU
		{D5A356DA-C1C1-4519-9751-3C1120D015F9}.Debug|Any CPU.ActiveCfg = Debug|Any CPU
		{D5A356DA-C1C1-4519-9751-3C1120D015F9}.Debug|Any CPU.Build.0 = Debug|Any CPU
		{D5A356DA-C1C1-4519-9751-3C1120D015F9}.Release|Any CPU.ActiveCfg = Release|Any CPU
		{D5A356DA-C1C1-4519-9751-3C1120D015F9}.Release|Any CPU.Build.0 = Release|Any CPU
		{01B5D26C-7EF6-48CA-897D-EA04322B7EDD}.Debug|Any CPU.ActiveCfg = Debug|Any CPU
		{01B5D26C-7EF6-48CA-897D-EA04322B7EDD}.Debug|Any CPU.Build.0 = Debug|Any CPU
		{01B5D26C-7EF6-48CA-897D-EA04322B7EDD}.Release|Any CPU.ActiveCfg = Release|Any CPU
		{01B5D26C-7EF6-48CA-897D-EA04322B7EDD}.Release|Any CPU.Build.0 = Release|Any CPU
		{D4D7ACB6-10B6-413D-AA3C-B8C7E908C844}.Debug|Any CPU.ActiveCfg = Debug|Any CPU
		{D4D7ACB6-10B6-413D-AA3C-B8C7E908C844}.Debug|Any CPU.Build.0 = Debug|Any CPU
		{D4D7ACB6-10B6-413D-AA3C-B8C7E908C844}.Release|Any CPU.ActiveCfg = Release|Any CPU
		{D4D7ACB6-10B6-413D-AA3C-B8C7E908C844}.Release|Any CPU.Build.0 = Release|Any CPU
		{5DD9DEDE-5BE3-4324-AE36-843EB23A9242}.Debug|Any CPU.ActiveCfg = Debug|Any CPU
		{5DD9DEDE-5BE3-4324-AE36-843EB23A9242}.Debug|Any CPU.Build.0 = Debug|Any CPU
		{5DD9DEDE-5BE3-4324-AE36-843EB23A9242}.Release|Any CPU.ActiveCfg = Release|Any CPU
		{5DD9DEDE-5BE3-4324-AE36-843EB23A9242}.Release|Any CPU.Build.0 = Release|Any CPU
		{46745652-7EAA-4018-9ED9-26F101704B5E}.Debug|Any CPU.ActiveCfg = Debug|Any CPU
		{46745652-7EAA-4018-9ED9-26F101704B5E}.Debug|Any CPU.Build.0 = Debug|Any CPU
		{46745652-7EAA-4018-9ED9-26F101704B5E}.Release|Any CPU.ActiveCfg = Release|Any CPU
		{46745652-7EAA-4018-9ED9-26F101704B5E}.Release|Any CPU.Build.0 = Release|Any CPU
		{320BD6F1-1028-45CD-9907-65A5BB1978F7}.Debug|Any CPU.ActiveCfg = Debug|Any CPU
		{320BD6F1-1028-45CD-9907-65A5BB1978F7}.Debug|Any CPU.Build.0 = Debug|Any CPU
		{320BD6F1-1028-45CD-9907-65A5BB1978F7}.Release|Any CPU.ActiveCfg = Release|Any CPU
		{320BD6F1-1028-45CD-9907-65A5BB1978F7}.Release|Any CPU.Build.0 = Release|Any CPU
		{AE60D2C7-2B43-46E2-B79A-054B5550FF13}.Debug|Any CPU.ActiveCfg = Debug|Any CPU
		{AE60D2C7-2B43-46E2-B79A-054B5550FF13}.Debug|Any CPU.Build.0 = Debug|Any CPU
		{AE60D2C7-2B43-46E2-B79A-054B5550FF13}.Release|Any CPU.ActiveCfg = Release|Any CPU
		{AE60D2C7-2B43-46E2-B79A-054B5550FF13}.Release|Any CPU.Build.0 = Release|Any CPU
		{61287D9F-4F7F-4407-9D2C-6B8BD314FD30}.Debug|Any CPU.ActiveCfg = Debug|Any CPU
		{61287D9F-4F7F-4407-9D2C-6B8BD314FD30}.Debug|Any CPU.Build.0 = Debug|Any CPU
		{61287D9F-4F7F-4407-9D2C-6B8BD314FD30}.Release|Any CPU.ActiveCfg = Release|Any CPU
		{61287D9F-4F7F-4407-9D2C-6B8BD314FD30}.Release|Any CPU.Build.0 = Release|Any CPU
		{A980D4B4-3153-404D-A582-268997731EA3}.Debug|Any CPU.ActiveCfg = Debug|Any CPU
		{A980D4B4-3153-404D-A582-268997731EA3}.Debug|Any CPU.Build.0 = Debug|Any CPU
		{A980D4B4-3153-404D-A582-268997731EA3}.Release|Any CPU.ActiveCfg = Release|Any CPU
		{A980D4B4-3153-404D-A582-268997731EA3}.Release|Any CPU.Build.0 = Release|Any CPU
		{30E90408-FC89-4416-B126-AA369BBE80FE}.Debug|Any CPU.ActiveCfg = Debug|Any CPU
		{30E90408-FC89-4416-B126-AA369BBE80FE}.Debug|Any CPU.Build.0 = Debug|Any CPU
		{30E90408-FC89-4416-B126-AA369BBE80FE}.Release|Any CPU.ActiveCfg = Release|Any CPU
		{30E90408-FC89-4416-B126-AA369BBE80FE}.Release|Any CPU.Build.0 = Release|Any CPU
	EndGlobalSection
	GlobalSection(SolutionProperties) = preSolution
		HideSolutionNode = FALSE
	EndGlobalSection
	GlobalSection(NestedProjects) = preSolution
		{DA7083AD-8DB2-4A5C-8260-8DB8C60F1C06} = {ABC43BA6-B22F-42A1-96D1-D08D92BD82D9}
		{46745652-7EAA-4018-9ED9-26F101704B5E} = {ABC43BA6-B22F-42A1-96D1-D08D92BD82D9}
		{C66E606F-39F5-4B29-8187-0C6C454EA245} = {ABC43BA6-B22F-42A1-96D1-D08D92BD82D9}
		{5AEA59E1-57AD-41BC-86BF-4D75703E4704} = {9CBB00F3-641A-49C1-9155-84F14A52601D}
		{7E97D588-6159-4165-93B9-4CD90D22BB09} = {9CBB00F3-641A-49C1-9155-84F14A52601D}
		{AF4F2309-8BF4-42CA-AC24-FE11357C1F29} = {9CBB00F3-641A-49C1-9155-84F14A52601D}
		{AE60D2C7-2B43-46E2-B79A-054B5550FF13} = {9CBB00F3-641A-49C1-9155-84F14A52601D}
		{904B5D20-1465-478C-BC03-27822526C68F} = {A97C1875-F7BD-475F-B186-32DE1116965E}
		{D5A356DA-C1C1-4519-9751-3C1120D015F9} = {D5C67DA2-F4A8-43F8-A0C2-6A75921103FD}
		{01B5D26C-7EF6-48CA-897D-EA04322B7EDD} = {D5C67DA2-F4A8-43F8-A0C2-6A75921103FD}
		{D4D7ACB6-10B6-413D-AA3C-B8C7E908C844} = {D5C67DA2-F4A8-43F8-A0C2-6A75921103FD}
		{320BD6F1-1028-45CD-9907-65A5BB1978F7} = {D5C67DA2-F4A8-43F8-A0C2-6A75921103FD}
		{61287D9F-4F7F-4407-9D2C-6B8BD314FD30} = {D5C67DA2-F4A8-43F8-A0C2-6A75921103FD}
		{A980D4B4-3153-404D-A582-268997731EA3} = {D5C67DA2-F4A8-43F8-A0C2-6A75921103FD}
		{30E90408-FC89-4416-B126-AA369BBE80FE} = {D5C67DA2-F4A8-43F8-A0C2-6A75921103FD}
		{26F86801-ABBE-42E0-B494-2225CC1C46F2} = {D5C67DA2-F4A8-43F8-A0C2-6A75921103FD}
	EndGlobalSection
EndGlobal
