
Microsoft Visual Studio Solution File, Format Version 10.00
# Visual Studio 2008
Project("{FAE04EC0-301F-11D3-BF4B-00C04F79EFBC}") = "C3.Communi", "C3.Communi\C3.Communi.csproj", "{C66E606F-39F5-4B29-8187-0C6C454EA245}"
EndProject
Global
	GlobalSection(SolutionConfigurationPlatforms) = preSolution
		Debug|Any CPU = Debug|Any CPU
		Release|Any CPU = Release|Any CPU
	EndGlobalSection
	GlobalSection(ProjectConfigurationPlatforms) = postSolution
		{C66E606F-39F5-4B29-8187-0C6C454EA245}.Debug|Any CPU.ActiveCfg = Debug|Any CPU
		{C66E606F-39F5-4B29-8187-0C6C454EA245}.Debug|Any CPU.Build.0 = Debug|Any CPU
		{C66E606F-39F5-4B29-8187-0C6C454EA245}.Release|Any CPU.ActiveCfg = Release|Any CPU
		{C66E606F-39F5-4B29-8187-0C6C454EA245}.Release|Any CPU.Build.0 = Release|Any CPU
	EndGlobalSection
	GlobalSection(SolutionProperties) = preSolution
		HideSolutionNode = FALSE
	EndGlobalSection
EndGlobal
